
Microsoft Visual Studio Solution File, Format Version 12.00
# Visual Studio Version 16
VisualStudioVersion = 16.0.31702.278
MinimumVisualStudioVersion = 10.0.40219.1
Project("{FAE04EC0-301F-11D3-BF4B-00C04F79EFBC}") = "savePic", "savePic.csproj", "{A51CBA31-6CBE-4FB3-8B44-F35A447E438B}"
EndProject
Global
	GlobalSection(SolutionConfigurationPlatforms) = preSolution
		Debug|Any CPU = Debug|Any CPU
		Release|Any CPU = Release|Any CPU
	EndGlobalSection
	GlobalSection(ProjectConfigurationPlatforms) = postSolution
		{A51CBA31-6CBE-4FB3-8B44-F35A447E438B}.Debug|Any CPU.ActiveCfg = Debug|Any CPU
		{A51CBA31-6CBE-4FB3-8B44-F35A447E438B}.Debug|Any CPU.Build.0 = Debug|Any CPU
		{A51CBA31-6CBE-4FB3-8B44-F35A447E438B}.Release|Any CPU.ActiveCfg = Release|Any CPU
		{A51CBA31-6CBE-4FB3-8B44-F35A447E438B}.Release|Any CPU.Build.0 = Release|Any CPU
	EndGlobalSection
	GlobalSection(SolutionProperties) = preSolution
		HideSolutionNode = FALSE
	EndGlobalSection
	GlobalSection(ExtensibilityGlobals) = postSolution
		SolutionGuid = {A709EC89-2800-4A58-B809-D38475740C4B}
	EndGlobalSection
EndGlobal
